
Microsoft Visual Studio Solution File, Format Version 12.00
# Visual Studio 2013
VisualStudioVersion = 12.0.31101.0
MinimumVisualStudioVersion = 10.0.40219.1
Project("{FAE04EC0-301F-11D3-BF4B-00C04F79EFBC}") = "BookSearch", "BookSearch\BookSearch.csproj", "{79C1F7C9-88B1-4D61-9421-735E8D512A1A}"
EndProject
Project("{FAE04EC0-301F-11D3-BF4B-00C04F79EFBC}") = "BookCollector", "BookCollector\BookCollector.csproj", "{7330E2D7-BC74-4FED-A88E-051DEBA7E964}"
EndProject
Global
	GlobalSection(SolutionConfigurationPlatforms) = preSolution
		Debug|Any CPU = Debug|Any CPU
		Release|Any CPU = Release|Any CPU
	EndGlobalSection
	GlobalSection(ProjectConfigurationPlatforms) = postSolution
		{79C1F7C9-88B1-4D61-9421-735E8D512A1A}.Debug|Any CPU.ActiveCfg = Debug|Any CPU
		{79C1F7C9-88B1-4D61-9421-735E8D512A1A}.Debug|Any CPU.Build.0 = Debug|Any CPU
		{79C1F7C9-88B1-4D61-9421-735E8D512A1A}.Release|Any CPU.ActiveCfg = Release|Any CPU
		{79C1F7C9-88B1-4D61-9421-735E8D512A1A}.Release|Any CPU.Build.0 = Release|Any CPU
		{7330E2D7-BC74-4FED-A88E-051DEBA7E964}.Debug|Any CPU.ActiveCfg = Debug|Any CPU
		{7330E2D7-BC74-4FED-A88E-051DEBA7E964}.Debug|Any CPU.Build.0 = Debug|Any CPU
		{7330E2D7-BC74-4FED-A88E-051DEBA7E964}.Release|Any CPU.ActiveCfg = Release|Any CPU
		{7330E2D7-BC74-4FED-A88E-051DEBA7E964}.Release|Any CPU.Build.0 = Release|Any CPU
	EndGlobalSection
	GlobalSection(SolutionProperties) = preSolution
		HideSolutionNode = FALSE
	EndGlobalSection
EndGlobal
